
Microsoft Visual Studio Solution File, Format Version 10.00
# Visual Studio 2008
Project("{8BC9CEB8-8B4A-11D0-8D11-00A0C91BC942}") = "gloox", "gloox\gloox.vcproj", "{F7D83002-4F5E-4206-8F62-651320D3F1B4}"
EndProject
Project("{8BC9CEB8-8B4A-11D0-8D11-00A0C91BC942}") = "KLXmpp", "KLXmpp\KLXmpp.vcproj", "{84DA0A53-6FBC-4F22-9A7C-B3E4F00201BC}"
EndProject
Project("{8BC9CEB8-8B4A-11D0-8D11-00A0C91BC942}") = "KLCppWrap", "KLCppWrap\KLCppWrap.vcproj", "{D9422451-31EF-49C9-8FFD-CA8057900C92}"
EndProject
Project("{8BC9CEB8-8B4A-11D0-8D11-00A0C91BC942}") = "KLXmppStack_KLXmppUnitTest", "UnitTest\KLXmppStack_KLXmppUnitTest\KLXmppStack_KLXmppUnitTest.vcproj", "{9BF96672-FC42-4236-A4F9-2FBAD7266F61}"
EndProject
Project("{8BC9CEB8-8B4A-11D0-8D11-00A0C91BC942}") = "zlib", "zlib\zlib.vcproj", "{5B50EFE5-213B-43BA-9574-B71B24B8635A}"
EndProject
Global
	GlobalSection(SubversionScc) = preSolution
		Svn-Managed = True
		Manager = AnkhSVN - Subversion Support for Visual Studio
	EndGlobalSection
	GlobalSection(SolutionConfigurationPlatforms) = preSolution
		Debug|Win32 = Debug|Win32
		Release|Win32 = Release|Win32
	EndGlobalSection
	GlobalSection(ProjectConfigurationPlatforms) = postSolution
		{F7D83002-4F5E-4206-8F62-651320D3F1B4}.Debug|Win32.ActiveCfg = Debug|Win32
		{F7D83002-4F5E-4206-8F62-651320D3F1B4}.Debug|Win32.Build.0 = Debug|Win32
		{F7D83002-4F5E-4206-8F62-651320D3F1B4}.Release|Win32.ActiveCfg = Release|Win32
		{F7D83002-4F5E-4206-8F62-651320D3F1B4}.Release|Win32.Build.0 = Release|Win32
		{84DA0A53-6FBC-4F22-9A7C-B3E4F00201BC}.Debug|Win32.ActiveCfg = Debug|Win32
		{84DA0A53-6FBC-4F22-9A7C-B3E4F00201BC}.Debug|Win32.Build.0 = Debug|Win32
		{84DA0A53-6FBC-4F22-9A7C-B3E4F00201BC}.Release|Win32.ActiveCfg = Release|Win32
		{84DA0A53-6FBC-4F22-9A7C-B3E4F00201BC}.Release|Win32.Build.0 = Release|Win32
		{D9422451-31EF-49C9-8FFD-CA8057900C92}.Debug|Win32.ActiveCfg = Debug|Win32
		{D9422451-31EF-49C9-8FFD-CA8057900C92}.Debug|Win32.Build.0 = Debug|Win32
		{D9422451-31EF-49C9-8FFD-CA8057900C92}.Release|Win32.ActiveCfg = Release|Win32
		{D9422451-31EF-49C9-8FFD-CA8057900C92}.Release|Win32.Build.0 = Release|Win32
		{9BF96672-FC42-4236-A4F9-2FBAD7266F61}.Debug|Win32.ActiveCfg = Debug|Win32
		{9BF96672-FC42-4236-A4F9-2FBAD7266F61}.Debug|Win32.Build.0 = Debug|Win32
		{9BF96672-FC42-4236-A4F9-2FBAD7266F61}.Release|Win32.ActiveCfg = Release|Win32
		{9BF96672-FC42-4236-A4F9-2FBAD7266F61}.Release|Win32.Build.0 = Release|Win32
		{5B50EFE5-213B-43BA-9574-B71B24B8635A}.Debug|Win32.ActiveCfg = Debug|Win32
		{5B50EFE5-213B-43BA-9574-B71B24B8635A}.Debug|Win32.Build.0 = Debug|Win32
		{5B50EFE5-213B-43BA-9574-B71B24B8635A}.Release|Win32.ActiveCfg = Release|Win32
		{5B50EFE5-213B-43BA-9574-B71B24B8635A}.Release|Win32.Build.0 = Release|Win32
	EndGlobalSection
	GlobalSection(SolutionProperties) = preSolution
		HideSolutionNode = FALSE
	EndGlobalSection
EndGlobal
